
Microsoft Visual Studio Solution File, Format Version 12.00
# Visual Studio Version 17
VisualStudioVersion = 17.13.35825.156 d17.13
MinimumVisualStudioVersion = 10.0.40219.1
Project("{FAE04EC0-301F-11D3-BF4B-00C04F79EFBC}") = "Slowo_Projekt_Zaliczeniowy", "Slowo_Projekt_Zaliczeniowy\Slowo_Projekt_Zaliczeniowy.csproj", "{3EF6C477-A5C3-4E67-917D-2E6052F5A1AE}"
EndProject
Global
	GlobalSection(SolutionConfigurationPlatforms) = preSolution
		Debug|Any CPU = Debug|Any CPU
		Release|Any CPU = Release|Any CPU
	EndGlobalSection
	GlobalSection(ProjectConfigurationPlatforms) = postSolution
		{3EF6C477-A5C3-4E67-917D-2E6052F5A1AE}.Debug|Any CPU.ActiveCfg = Debug|Any CPU
		{3EF6C477-A5C3-4E67-917D-2E6052F5A1AE}.Debug|Any CPU.Build.0 = Debug|Any CPU
		{3EF6C477-A5C3-4E67-917D-2E6052F5A1AE}.Release|Any CPU.ActiveCfg = Release|Any CPU
		{3EF6C477-A5C3-4E67-917D-2E6052F5A1AE}.Release|Any CPU.Build.0 = Release|Any CPU
	EndGlobalSection
	GlobalSection(SolutionProperties) = preSolution
		HideSolutionNode = FALSE
	EndGlobalSection
	GlobalSection(ExtensibilityGlobals) = postSolution
		SolutionGuid = {110B6F05-17E5-4AAB-9806-52217F33ACEF}
	EndGlobalSection
EndGlobal
